<?xml version="1.0" encoding="utf-8"?>
<Project ToolsVersion="4.0" xmlns="http://schemas.microsoft.com/developer/msbuild/2003">
  <ItemGroup>
    <Filter Include="res">
      <UniqueIdentifier>{c60b96ea-15fe-4796-86c9-3b9428dc82c7}</UniqueIdentifier>
    </Filter>
  </ItemGroup>
  <ItemGroup>
    <Image Include="..\photos.ico" />
  </ItemGroup>
  <ItemGroup>
    <ResourceCompile Include="..\photos.rc" />
    <ResourceCompile Include="..\version.rc" />
  </ItemGroup>
  <ItemGroup>
    <ClCompile Include="..\photos.c" />
    <ClCompile Include="..\re.c" />
    <ClCompile Include="..\exif.c" />
    <ClCompile Include="..\files.c" />
    <ClCompile Include="..\implementation.c" />
    <ClCompile Include="..\tiny_exif.c" />
  </ItemGroup>
  <ItemGroup>
    <ClInclude Include="..\samples\version.h" />
    <ClInclude Include="..\crt.h" />
    <ClInclude Include="..\quick.h" />
    <ClInclude Include="..\re.h" />
    <ClInclude Include="..\files.h" />
    <ClInclude Include="..\stb_image.h" />
    <ClInclude Include="..\tiny_exif.h" />
    <ClInclude Include="..\stb_image_resize.h" />
    <ClInclude Include="..\stb_image_write.h" />
  </ItemGroup>
</Project>