<?xml version="1.0" encoding="utf-8"?>
<Project ToolsVersion="4.0" xmlns="http://schemas.microsoft.com/developer/msbuild/2003">
  <ItemGroup>
    <Filter Include="res">
      <UniqueIdentifier>{c60b96ea-15fe-4796-86c9-3b9428dc82c7}</UniqueIdentifier>
    </Filter>
    <Filter Include="runtime">
      <UniqueIdentifier>{0b8780b9-e456-4b24-bec0-7265e6d0c11d}</UniqueIdentifier>
    </Filter>
  </ItemGroup>
  <ItemGroup>
    <ResourceCompile Include="..\version.rc">
      <Filter>res</Filter>
    </ResourceCompile>
    <ResourceCompile Include="..\photos.rc">
      <Filter>res</Filter>
    </ResourceCompile>
  </ItemGroup>
  <ItemGroup>
    <ClCompile Include="..\photos.c" />
    <ClCompile Include="..\re.c">
      <Filter>runtime</Filter>
    </ClCompile>
    <ClCompile Include="..\implementation.c">
      <Filter>runtime</Filter>
    </ClCompile>
    <ClCompile Include="..\files.c">
      <Filter>runtime</Filter>
    </ClCompile>
    <ClCompile Include="..\tiny_exif.c">
      <Filter>runtime</Filter>
    </ClCompile>
    <ClCompile Include="..\yxml.c">
      <Filter>runtime</Filter>
    </ClCompile>
  </ItemGroup>
  <ItemGroup>
    <ClInclude Include="..\re.h">
      <Filter>runtime</Filter>
    </ClInclude>
    <ClInclude Include="..\quick.h">
      <Filter>runtime</Filter>
    </ClInclude>
    <ClInclude Include="..\crt.h">
      <Filter>runtime</Filter>
    </ClInclude>
    <ClInclude Include="..\files.h">
      <Filter>runtime</Filter>
    </ClInclude>
    <ClInclude Include="..\stb_image.h">
      <Filter>runtime</Filter>
    </ClInclude>
    <ClInclude Include="..\stb_image_resize.h">
      <Filter>runtime</Filter>
    </ClInclude>
    <ClInclude Include="..\stb_image_write.h">
      <Filter>runtime</Filter>
    </ClInclude>
    <ClInclude Include="..\tiny_exif.h">
      <Filter>runtime</Filter>
    </ClInclude>
    <ClInclude Include="..\version.h" />
    <ClInclude Include="..\yxml.h">
      <Filter>runtime</Filter>
    </ClInclude>
  </ItemGroup>
  <ItemGroup>
    <Image Include="..\photos.ico">
      <Filter>res</Filter>
    </Image>
  </ItemGroup>
</Project>